{
  "nodes": {
    "bundlers": {
      "inputs": {
        "nix-bundle": [
          "nix-bundle"
        ],
        "nix-utils": "nix-utils",
        "nixpkgs": "nixpkgs_2"
      },
      "locked": {
        "lastModified": 1672257746,
        "narHash": "sha256-uVVAUIxGPnNKv0pIhmjxlHZ78dFAlQh4gMNoT2iDJko=",
        "owner": "NixOS",
        "repo": "bundlers",
        "rev": "3476034902f2d1dbf3021acd6d883fb39b217697",
        "type": "github"
      },
      "original": {
        "owner": "NixOS",
        "repo": "bundlers",
        "type": "github"
      }
    },
    "flake-compat": {
      "flake": false,
      "locked": {
        "lastModified": 1673956053,
        "narHash": "sha256-4gtG9iQuiKITOjNQQeQIpoIB6b16fm+504Ch3sNKLd8=",
        "owner": "edolstra",
        "repo": "flake-compat",
        "rev": "35bb57c0c8d8b62bbfd284272c928ceb64ddbde9",
        "type": "github"
      },
      "original": {
        "owner": "edolstra",
        "repo": "flake-compat",
        "type": "github"
      }
    },
    "flake-utils": {
      "locked": {
        "lastModified": 1623875721,
        "narHash": "sha256-A8BU7bjS5GirpAUv4QA+QnJ4CceLHkcXdRp4xITDB0s=",
        "owner": "numtide",
        "repo": "flake-utils",
        "rev": "f7e004a55b120c02ecb6219596820fcd32ca8772",
        "type": "github"
      },
      "original": {
        "owner": "numtide",
        "repo": "flake-utils",
        "type": "github"
      }
    },
    "flake-utils_2": {
      "locked": {
        "lastModified": 1608663846,
        "narHash": "sha256-YOAXeoNLW0IubQ6AZLGuSj5kAD5n4DYXLYReLtyds1A=",
        "owner": "numtide",
        "repo": "flake-utils",
        "rev": "a68df93a37cd5137ac22ffeb2d8a03acf253cc24",
        "type": "github"
      },
      "original": {
        "owner": "numtide",
        "ref": "flatten-tree-system",
        "repo": "flake-utils",
        "type": "github"
      }
    },
    "flake-utils_3": {
      "locked": {
        "lastModified": 1678901627,
        "narHash": "sha256-U02riOqrKKzwjsxc/400XnElV+UtPUQWpANPlyazjH0=",
        "owner": "numtide",
        "repo": "flake-utils",
        "rev": "93a2b84fc4b70d9e089d029deacc3583435c2ed6",
        "type": "github"
      },
      "original": {
        "owner": "numtide",
        "repo": "flake-utils",
        "type": "github"
      }
    },
    "neovim": {
      "inputs": {
        "flake-compat": "flake-compat",
        "flake-utils": "flake-utils_3",
        "nixpkgs": [
          "nixpkgs"
        ]
      },
      "locked": {
        "lastModified": 1680249006,
        "narHash": "sha256-CnP6THN5gvxgEXxF/vlH16BmPEhxFQ5/ybvXr24g7rA=",
        "owner": "QuentinI",
        "repo": "nvim",
        "rev": "d8fc0451577eda2b143451564e1ca180707f30ad",
        "type": "github"
      },
      "original": {
        "owner": "QuentinI",
        "repo": "nvim",
        "type": "github"
      }
    },
    "nix-bundle": {
      "inputs": {
        "nixpkgs": [
          "nixpkgs"
        ]
      },
      "locked": {
        "lastModified": 1678129993,
        "narHash": "sha256-v6KkJT8dQkjsN9Dkx9P5zo+BYnjqQ1oJv3n6dW7fsaM=",
        "owner": "matthewbauer",
        "repo": "nix-bundle",
        "rev": "83eadede9087c2c94a018ea6e240da552355dcc1",
        "type": "github"
      },
      "original": {
        "owner": "matthewbauer",
        "repo": "nix-bundle",
        "type": "github"
      }
    },
    "nix-utils": {
      "inputs": {
        "flake-utils": "flake-utils",
        "nixpkgs": "nixpkgs"
      },
      "locked": {
        "lastModified": 1632973430,
        "narHash": "sha256-9G8zo+0nfYAALV5umCyQR/2hVUFNH10JropBkyxZGGw=",
        "owner": "juliosueiras-nix",
        "repo": "nix-utils",
        "rev": "b44e1ffd726aa03056db9df469efb497d8b9871b",
        "type": "github"
      },
      "original": {
        "owner": "juliosueiras-nix",
        "repo": "nix-utils",
        "type": "github"
      }
    },
    "nixpkgs": {
      "locked": {
        "lastModified": 1629252929,
        "narHash": "sha256-Aj20gmGBs8TG7pyaQqgbsqAQ6cB+TVuL18Pk3DPBxcQ=",
        "owner": "nixos",
        "repo": "nixpkgs",
        "rev": "3788c68def67ca7949e0864c27638d484389363d",
        "type": "github"
      },
      "original": {
        "owner": "nixos",
        "repo": "nixpkgs",
        "type": "github"
      }
    },
    "nixpkgs_2": {
      "locked": {
        "lastModified": 1634782485,
        "narHash": "sha256-psfh4OQSokGXG0lpq3zKFbhOo3QfoeudRcaUnwMRkQo=",
        "path": "/nix/store/p53cz6rh27q40g9i0q98k3vfrz6lm12w-source",
        "rev": "34ad3ffe08adfca17fcb4e4a47bb5f3b113687be",
        "type": "path"
      },
      "original": {
        "id": "nixpkgs",
        "type": "indirect"
      }
    },
    "nixpkgs_3": {
      "locked": {
        "lastModified": 1683274433,
        "narHash": "sha256-P0gXJ/w2jkHdgt/62NjWz1giJDUofaUMG286GKGrDQo=",
        "owner": "NixOS",
        "repo": "nixpkgs",
        "rev": "3988a551e2c1621d640a2642e8a1c8677a183d04",
        "type": "github"
      },
      "original": {
        "owner": "NixOS",
        "repo": "nixpkgs",
        "type": "github"
      }
    },
    "root": {
      "inputs": {
        "bundlers": "bundlers",
        "flake-utils": "flake-utils_2",
        "neovim": "neovim",
        "nix-bundle": "nix-bundle",
        "nixpkgs": "nixpkgs_3"
      }
    }
  },
  "root": "root",
  "version": 7
}
